
Microsoft Visual Studio Solution File, Format Version 12.00
# Visual Studio Version 16
VisualStudioVersion = 16.0.29806.167
MinimumVisualStudioVersion = 10.0.40219.1
Project("{FAE04EC0-301F-11D3-BF4B-00C04F79EFBC}") = "FlatpickrBlazorExamples.Server", "FlatpickrBlazorExamples\Server\FlatpickrBlazorExamples.Server.csproj", "{5B866FC2-65D5-42F6-9115-4A69E6E55219}"
EndProject
Project("{FAE04EC0-301F-11D3-BF4B-00C04F79EFBC}") = "FlatpickrBlazorExamples.Client", "FlatpickrBlazorExamples\Client\FlatpickrBlazorExamples.Client.csproj", "{669EE6C8-2B8F-427D-AF07-0050E1AF262F}"
EndProject
Project("{FAE04EC0-301F-11D3-BF4B-00C04F79EFBC}") = "FlatpickrBlazorExamples.Shared", "FlatpickrBlazorExamples\Shared\FlatpickrBlazorExamples.Shared.csproj", "{E1AE2B52-FD09-426C-8561-D1413599B568}"
EndProject
Global
	GlobalSection(SolutionConfigurationPlatforms) = preSolution
		Debug|Any CPU = Debug|Any CPU
		Release|Any CPU = Release|Any CPU
	EndGlobalSection
	GlobalSection(ProjectConfigurationPlatforms) = postSolution
		{5B866FC2-65D5-42F6-9115-4A69E6E55219}.Debug|Any CPU.ActiveCfg = Debug|Any CPU
		{5B866FC2-65D5-42F6-9115-4A69E6E55219}.Debug|Any CPU.Build.0 = Debug|Any CPU
		{5B866FC2-65D5-42F6-9115-4A69E6E55219}.Release|Any CPU.ActiveCfg = Release|Any CPU
		{5B866FC2-65D5-42F6-9115-4A69E6E55219}.Release|Any CPU.Build.0 = Release|Any CPU
		{669EE6C8-2B8F-427D-AF07-0050E1AF262F}.Debug|Any CPU.ActiveCfg = Debug|Any CPU
		{669EE6C8-2B8F-427D-AF07-0050E1AF262F}.Debug|Any CPU.Build.0 = Debug|Any CPU
		{669EE6C8-2B8F-427D-AF07-0050E1AF262F}.Release|Any CPU.ActiveCfg = Release|Any CPU
		{669EE6C8-2B8F-427D-AF07-0050E1AF262F}.Release|Any CPU.Build.0 = Release|Any CPU
		{E1AE2B52-FD09-426C-8561-D1413599B568}.Debug|Any CPU.ActiveCfg = Debug|Any CPU
		{E1AE2B52-FD09-426C-8561-D1413599B568}.Debug|Any CPU.Build.0 = Debug|Any CPU
		{E1AE2B52-FD09-426C-8561-D1413599B568}.Release|Any CPU.ActiveCfg = Release|Any CPU
		{E1AE2B52-FD09-426C-8561-D1413599B568}.Release|Any CPU.Build.0 = Release|Any CPU
	EndGlobalSection
	GlobalSection(SolutionProperties) = preSolution
		HideSolutionNode = FALSE
	EndGlobalSection
	GlobalSection(ExtensibilityGlobals) = postSolution
		SolutionGuid = {AF947302-82F5-49CF-A433-82F31BCC2A60}
	EndGlobalSection
EndGlobal
